
Microsoft Visual Studio Solution File, Format Version 12.00
# Visual Studio 15
VisualStudioVersion = 15.0.28010.2046
MinimumVisualStudioVersion = 10.0.40219.1
Project("{FAE04EC0-301F-11D3-BF4B-00C04F79EFBC}") = "dotNetCoreTest", "dotNetCoreTest\dotNetCoreTest.csproj", "{995ED507-8604-4667-9881-3C2912C21B37}"
EndProject
Global
	GlobalSection(SolutionConfigurationPlatforms) = preSolution
		Debug|Any CPU = Debug|Any CPU
		Release|Any CPU = Release|Any CPU
	EndGlobalSection
	GlobalSection(ProjectConfigurationPlatforms) = postSolution
		{995ED507-8604-4667-9881-3C2912C21B37}.Debug|Any CPU.ActiveCfg = Debug|Any CPU
		{995ED507-8604-4667-9881-3C2912C21B37}.Debug|Any CPU.Build.0 = Debug|Any CPU
		{995ED507-8604-4667-9881-3C2912C21B37}.Release|Any CPU.ActiveCfg = Release|Any CPU
		{995ED507-8604-4667-9881-3C2912C21B37}.Release|Any CPU.Build.0 = Release|Any CPU
	EndGlobalSection
	GlobalSection(SolutionProperties) = preSolution
		HideSolutionNode = FALSE
	EndGlobalSection
	GlobalSection(ExtensibilityGlobals) = postSolution
		SolutionGuid = {23BC3967-6BBE-4F10-92BA-B9F49BCACC77}
	EndGlobalSection
EndGlobal
